# This file is autogenerated, do not edit; changes may be undone by the next 'dep ensure'.


[[projects]]
  digest = "1:4aeb3860275fa1fd60cccfb5a6ef85da438bf17402e1e84412ade4d4b55066a0"
  name = "github.com/ulikunitz/xz"
  packages = [
    ".",
    "internal/hash",
    "internal/xlog",
    "lzma",
  ]
  pruneopts = "UT"
  revision = "0c6b41e72360850ca4f98dc341fd999726ea007f"
  version = "v0.5.4"

[[projects]]
  branch = "master"
  digest = "1:0bb09a71886b60254b1170233f9c87f747da1b30c7cf0c9464eb08b4823ae3e1"
  name = "zenhack.net/go/sandstorm"
  packages = [
    "capnp/activity",
    "capnp/apisession",
    "capnp/grain",
    "capnp/identity",
    "capnp/ip",
    "capnp/powerbox",
    "capnp/spk",
    "capnp/supervisor",
    "capnp/util",
    "capnp/websession",
  ]
  pruneopts = "UT"
  revision = "e2eb6d78e659c96ad3e95dcac0466f2828d4c6ea"

[[projects]]
  branch = "v3"
  digest = "1:42b5d626e20e1bb5cc2f7fdaf8d3dce39187907d06621e72d97f12e56449d06c"
  name = "zombiezen.com/go/capnproto2"
  packages = [
    ".",
    "encoding/text",
    "internal/errors",
    "internal/nodemap",
    "internal/packed",
    "internal/schema",
    "internal/strquote",
    "schemas",
    "server",
    "std/capnp/persistent",
  ]
  pruneopts = "UT"
  revision = "e89f9b7f0213f1edba4cb93ccb98cff018d2a5b1"

[solve-meta]
  analyzer-name = "dep"
  analyzer-version = 1
  input-imports = [
    "github.com/ulikunitz/xz",
    "zenhack.net/go/sandstorm/capnp/spk",
    "zombiezen.com/go/capnproto2",
  ]
  solver-name = "gps-cdcl"
  solver-version = 1
